// !$*UTF8*$!
{
	archiveVersion = 1;
	classes = {
	};
	objectVersion = 56;
	objects = {

/* Begin PBXBuildFile section */
		048FF7EA2B147C470085142E /* AppDelegate.swift in Sources */ = {isa = PBXBuildFile; fileRef = 048FF7E92B147C470085142E /* AppDelegate.swift */; };
		048FF7EC2B147C470085142E /* SceneDelegate.swift in Sources */ = {isa = PBXBuildFile; fileRef = 048FF7EB2B147C470085142E /* SceneDelegate.swift */; };
		048FF7EE2B147C470085142E /* ViewController.swift in Sources */ = {isa = PBXBuildFile; fileRef = 048FF7ED2B147C470085142E /* ViewController.swift */; };
		048FF7F12B147C470085142E /* Main.storyboard in Resources */ = {isa = PBXBuildFile; fileRef = 048FF7EF2B147C470085142E /* Main.storyboard */; };
		048FF7F32B147C4B0085142E /* Assets.xcassets in Resources */ = {isa = PBXBuildFile; fileRef = 048FF7F22B147C4B0085142E /* Assets.xcassets */; };
		048FF7F62B147C4B0085142E /* LaunchScreen.storyboard in Resources */ = {isa = PBXBuildFile; fileRef = 048FF7F42B147C4B0085142E /* LaunchScreen.storyboard */; };
		048FF8002B1492800085142E /* AgendaTableViewCell.swift in Sources */ = {isa = PBXBuildFile; fileRef = 048FF7FE2B1492800085142E /* AgendaTableViewCell.swift */; };
		048FF8012B1492800085142E /* AgendaTableViewCell.xib in Resources */ = {isa = PBXBuildFile; fileRef = 048FF7FF2B1492800085142E /* AgendaTableViewCell.xib */; };
		048FF8042B1495940085142E /* ClockCollectionViewCell.swift in Sources */ = {isa = PBXBuildFile; fileRef = 048FF8022B1495940085142E /* ClockCollectionViewCell.swift */; };
		048FF8052B1495940085142E /* ClockCollectionViewCell.xib in Resources */ = {isa = PBXBuildFile; fileRef = 048FF8032B1495940085142E /* ClockCollectionViewCell.xib */; };
		048FF80A2B149B290085142E /* authModels.swift in Sources */ = {isa = PBXBuildFile; fileRef = 048FF8092B149B290085142E /* authModels.swift */; };
		048FF80D2B14B3920085142E /* MutualConnectionImagesCollectionViewCell.swift in Sources */ = {isa = PBXBuildFile; fileRef = 048FF80B2B14B3920085142E /* MutualConnectionImagesCollectionViewCell.swift */; };
		048FF80E2B14B3920085142E /* MutualConnectionImagesCollectionViewCell.xib in Resources */ = {isa = PBXBuildFile; fileRef = 048FF80C2B14B3920085142E /* MutualConnectionImagesCollectionViewCell.xib */; };
		048FF8112B14B4110085142E /* SDWebImage in Frameworks */ = {isa = PBXBuildFile; productRef = 048FF8102B14B4110085142E /* SDWebImage */; };
		048FF8142B14C98A0085142E /* DetailsViewController.swift in Sources */ = {isa = PBXBuildFile; fileRef = 048FF8132B14C98A0085142E /* DetailsViewController.swift */; };
		04A7B3DE2B15BD5E006DD763 /* LocationTableViewCell.swift in Sources */ = {isa = PBXBuildFile; fileRef = 04A7B3DC2B15BD5E006DD763 /* LocationTableViewCell.swift */; };
		04A7B3DF2B15BD5E006DD763 /* LocationTableViewCell.xib in Resources */ = {isa = PBXBuildFile; fileRef = 04A7B3DD2B15BD5E006DD763 /* LocationTableViewCell.xib */; };
		04A7B3E22B15C98C006DD763 /* SpeakersTableViewCell.swift in Sources */ = {isa = PBXBuildFile; fileRef = 04A7B3E02B15C98C006DD763 /* SpeakersTableViewCell.swift */; };
		04A7B3E32B15C98C006DD763 /* SpeakersTableViewCell.xib in Resources */ = {isa = PBXBuildFile; fileRef = 04A7B3E12B15C98C006DD763 /* SpeakersTableViewCell.xib */; };
		04C4E4F82B15E4E3002952DB /* HyperLinkTableViewCell.swift in Sources */ = {isa = PBXBuildFile; fileRef = 04C4E4F62B15E4E3002952DB /* HyperLinkTableViewCell.swift */; };
		04C4E4F92B15E4E3002952DB /* HyperLinkTableViewCell.xib in Resources */ = {isa = PBXBuildFile; fileRef = 04C4E4F72B15E4E3002952DB /* HyperLinkTableViewCell.xib */; };
		04C4E4FC2B15EC44002952DB /* DescriptionTableViewCell.swift in Sources */ = {isa = PBXBuildFile; fileRef = 04C4E4FA2B15EC44002952DB /* DescriptionTableViewCell.swift */; };
		04C4E4FD2B15EC44002952DB /* DescriptionTableViewCell.xib in Resources */ = {isa = PBXBuildFile; fileRef = 04C4E4FB2B15EC44002952DB /* DescriptionTableViewCell.xib */; };
/* End PBXBuildFile section */

/* Begin PBXFileReference section */
		048FF7E62B147C470085142E /* ettemeneTask.app */ = {isa = PBXFileReference; explicitFileType = wrapper.application; includeInIndex = 0; path = ettemeneTask.app; sourceTree = BUILT_PRODUCTS_DIR; };
		048FF7E92B147C470085142E /* AppDelegate.swift */ = {isa = PBXFileReference; lastKnownFileType = sourcecode.swift; path = AppDelegate.swift; sourceTree = "<group>"; };
		048FF7EB2B147C470085142E /* SceneDelegate.swift */ = {isa = PBXFileReference; lastKnownFileType = sourcecode.swift; path = SceneDelegate.swift; sourceTree = "<group>"; };
		048FF7ED2B147C470085142E /* ViewController.swift */ = {isa = PBXFileReference; lastKnownFileType = sourcecode.swift; path = ViewController.swift; sourceTree = "<group>"; };
		048FF7F02B147C470085142E /* Base */ = {isa = PBXFileReference; lastKnownFileType = file.storyboard; name = Base; path = Base.lproj/Main.storyboard; sourceTree = "<group>"; };
		048FF7F22B147C4B0085142E /* Assets.xcassets */ = {isa = PBXFileReference; lastKnownFileType = folder.assetcatalog; path = Assets.xcassets; sourceTree = "<group>"; };
		048FF7F52B147C4B0085142E /* Base */ = {isa = PBXFileReference; lastKnownFileType = file.storyboard; name = Base; path = Base.lproj/LaunchScreen.storyboard; sourceTree = "<group>"; };
		048FF7F72B147C4B0085142E /* Info.plist */ = {isa = PBXFileReference; lastKnownFileType = text.plist.xml; path = Info.plist; sourceTree = "<group>"; };
		048FF7FE2B1492800085142E /* AgendaTableViewCell.swift */ = {isa = PBXFileReference; lastKnownFileType = sourcecode.swift; path = AgendaTableViewCell.swift; sourceTree = "<group>"; };
		048FF7FF2B1492800085142E /* AgendaTableViewCell.xib */ = {isa = PBXFileReference; lastKnownFileType = file.xib; path = AgendaTableViewCell.xib; sourceTree = "<group>"; };
		048FF8022B1495940085142E /* ClockCollectionViewCell.swift */ = {isa = PBXFileReference; lastKnownFileType = sourcecode.swift; path = ClockCollectionViewCell.swift; sourceTree = "<group>"; };
		048FF8032B1495940085142E /* ClockCollectionViewCell.xib */ = {isa = PBXFileReference; lastKnownFileType = file.xib; path = ClockCollectionViewCell.xib; sourceTree = "<group>"; };
		048FF8092B149B290085142E /* authModels.swift */ = {isa = PBXFileReference; lastKnownFileType = sourcecode.swift; path = authModels.swift; sourceTree = "<group>"; };
		048FF80B2B14B3920085142E /* MutualConnectionImagesCollectionViewCell.swift */ = {isa = PBXFileReference; fileEncoding = 4; lastKnownFileType = sourcecode.swift; path = MutualConnectionImagesCollectionViewCell.swift; sourceTree = "<group>"; };
		048FF80C2B14B3920085142E /* MutualConnectionImagesCollectionViewCell.xib */ = {isa = PBXFileReference; fileEncoding = 4; lastKnownFileType = file.xib; path = MutualConnectionImagesCollectionViewCell.xib; sourceTree = "<group>"; };
		048FF8132B14C98A0085142E /* DetailsViewController.swift */ = {isa = PBXFileReference; lastKnownFileType = sourcecode.swift; path = DetailsViewController.swift; sourceTree = "<group>"; };
		04A7B3DC2B15BD5E006DD763 /* LocationTableViewCell.swift */ = {isa = PBXFileReference; lastKnownFileType = sourcecode.swift; path = LocationTableViewCell.swift; sourceTree = "<group>"; };
		04A7B3DD2B15BD5E006DD763 /* LocationTableViewCell.xib */ = {isa = PBXFileReference; lastKnownFileType = file.xib; path = LocationTableViewCell.xib; sourceTree = "<group>"; };
		04A7B3E02B15C98C006DD763 /* SpeakersTableViewCell.swift */ = {isa = PBXFileReference; lastKnownFileType = sourcecode.swift; path = SpeakersTableViewCell.swift; sourceTree = "<group>"; };
		04A7B3E12B15C98C006DD763 /* SpeakersTableViewCell.xib */ = {isa = PBXFileReference; lastKnownFileType = file.xib; path = SpeakersTableViewCell.xib; sourceTree = "<group>"; };
		04C4E4F62B15E4E3002952DB /* HyperLinkTableViewCell.swift */ = {isa = PBXFileReference; lastKnownFileType = sourcecode.swift; path = HyperLinkTableViewCell.swift; sourceTree = "<group>"; };
		04C4E4F72B15E4E3002952DB /* HyperLinkTableViewCell.xib */ = {isa = PBXFileReference; lastKnownFileType = file.xib; path = HyperLinkTableViewCell.xib; sourceTree = "<group>"; };
		04C4E4FA2B15EC44002952DB /* DescriptionTableViewCell.swift */ = {isa = PBXFileReference; lastKnownFileType = sourcecode.swift; path = DescriptionTableViewCell.swift; sourceTree = "<group>"; };
		04C4E4FB2B15EC44002952DB /* DescriptionTableViewCell.xib */ = {isa = PBXFileReference; lastKnownFileType = file.xib; path = DescriptionTableViewCell.xib; sourceTree = "<group>"; };
/* End PBXFileReference section */

/* Begin PBXFrameworksBuildPhase section */
		048FF7E32B147C470085142E /* Frameworks */ = {
			isa = PBXFrameworksBuildPhase;
			buildActionMask = 2147483647;
			files = (
				048FF8112B14B4110085142E /* SDWebImage in Frameworks */,
			);
			runOnlyForDeploymentPostprocessing = 0;
		};
/* End PBXFrameworksBuildPhase section */

/* Begin PBXGroup section */
		048FF7DD2B147C470085142E = {
			isa = PBXGroup;
			children = (
				048FF7E82B147C470085142E /* ettemeneTask */,
				048FF7E72B147C470085142E /* Products */,
			);
			sourceTree = "<group>";
		};
		048FF7E72B147C470085142E /* Products */ = {
			isa = PBXGroup;
			children = (
				048FF7E62B147C470085142E /* ettemeneTask.app */,
			);
			name = Products;
			sourceTree = "<group>";
		};
		048FF7E82B147C470085142E /* ettemeneTask */ = {
			isa = PBXGroup;
			children = (
				048FF7E92B147C470085142E /* AppDelegate.swift */,
				048FF7EB2B147C470085142E /* SceneDelegate.swift */,
				048FF7ED2B147C470085142E /* ViewController.swift */,
				048FF8132B14C98A0085142E /* DetailsViewController.swift */,
				048FF8062B149AF30085142E /* AuthModels */,
				048FF7FD2B1492410085142E /* CustomTableViewCells */,
				048FF7EF2B147C470085142E /* Main.storyboard */,
				048FF7F22B147C4B0085142E /* Assets.xcassets */,
				048FF7F42B147C4B0085142E /* LaunchScreen.storyboard */,
				048FF7F72B147C4B0085142E /* Info.plist */,
			);
			path = ettemeneTask;
			sourceTree = "<group>";
		};
		048FF7FD2B1492410085142E /* CustomTableViewCells */ = {
			isa = PBXGroup;
			children = (
				048FF7FE2B1492800085142E /* AgendaTableViewCell.swift */,
				04C4E4FA2B15EC44002952DB /* DescriptionTableViewCell.swift */,
				04C4E4FB2B15EC44002952DB /* DescriptionTableViewCell.xib */,
				04C4E4F62B15E4E3002952DB /* HyperLinkTableViewCell.swift */,
				04C4E4F72B15E4E3002952DB /* HyperLinkTableViewCell.xib */,
				04A7B3DC2B15BD5E006DD763 /* LocationTableViewCell.swift */,
				04A7B3E02B15C98C006DD763 /* SpeakersTableViewCell.swift */,
				04A7B3E12B15C98C006DD763 /* SpeakersTableViewCell.xib */,
				04A7B3DD2B15BD5E006DD763 /* LocationTableViewCell.xib */,
				048FF80B2B14B3920085142E /* MutualConnectionImagesCollectionViewCell.swift */,
				048FF80C2B14B3920085142E /* MutualConnectionImagesCollectionViewCell.xib */,
				048FF8022B1495940085142E /* ClockCollectionViewCell.swift */,
				048FF8032B1495940085142E /* ClockCollectionViewCell.xib */,
				048FF7FF2B1492800085142E /* AgendaTableViewCell.xib */,
			);
			path = CustomTableViewCells;
			sourceTree = "<group>";
		};
		048FF8062B149AF30085142E /* AuthModels */ = {
			isa = PBXGroup;
			children = (
				048FF8092B149B290085142E /* authModels.swift */,
			);
			path = AuthModels;
			sourceTree = "<group>";
		};
/* End PBXGroup section */

/* Begin PBXNativeTarget section */
		048FF7E52B147C470085142E /* ettemeneTask */ = {
			isa = PBXNativeTarget;
			buildConfigurationList = 048FF7FA2B147C4B0085142E /* Build configuration list for PBXNativeTarget "ettemeneTask" */;
			buildPhases = (
				048FF7E22B147C470085142E /* Sources */,
				048FF7E32B147C470085142E /* Frameworks */,
				048FF7E42B147C470085142E /* Resources */,
			);
			buildRules = (
			);
			dependencies = (
			);
			name = ettemeneTask;
			packageProductDependencies = (
				048FF8102B14B4110085142E /* SDWebImage */,
			);
			productName = ettemeneTask;
			productReference = 048FF7E62B147C470085142E /* ettemeneTask.app */;
			productType = "com.apple.product-type.application";
		};
/* End PBXNativeTarget section */

/* Begin PBXProject section */
		048FF7DE2B147C470085142E /* Project object */ = {
			isa = PBXProject;
			attributes = {
				BuildIndependentTargetsInParallel = 1;
				LastSwiftUpdateCheck = 1410;
				LastUpgradeCheck = 1410;
				TargetAttributes = {
					048FF7E52B147C470085142E = {
						CreatedOnToolsVersion = 14.1;
					};
				};
			};
			buildConfigurationList = 048FF7E12B147C470085142E /* Build configuration list for PBXProject "ettemeneTask" */;
			compatibilityVersion = "Xcode 14.0";
			developmentRegion = en;
			hasScannedForEncodings = 0;
			knownRegions = (
				en,
				Base,
			);
			mainGroup = 048FF7DD2B147C470085142E;
			packageReferences = (
				048FF80F2B14B4110085142E /* XCRemoteSwiftPackageReference "SDWebImage" */,
			);
			productRefGroup = 048FF7E72B147C470085142E /* Products */;
			projectDirPath = "";
			projectRoot = "";
			targets = (
				048FF7E52B147C470085142E /* ettemeneTask */,
			);
		};
/* End PBXProject section */

/* Begin PBXResourcesBuildPhase section */
		048FF7E42B147C470085142E /* Resources */ = {
			isa = PBXResourcesBuildPhase;
			buildActionMask = 2147483647;
			files = (
				048FF7F62B147C4B0085142E /* LaunchScreen.storyboard in Resources */,
				048FF7F32B147C4B0085142E /* Assets.xcassets in Resources */,
				04A7B3DF2B15BD5E006DD763 /* LocationTableViewCell.xib in Resources */,
				04A7B3E32B15C98C006DD763 /* SpeakersTableViewCell.xib in Resources */,
				048FF80E2B14B3920085142E /* MutualConnectionImagesCollectionViewCell.xib in Resources */,
				048FF7F12B147C470085142E /* Main.storyboard in Resources */,
				04C4E4FD2B15EC44002952DB /* DescriptionTableViewCell.xib in Resources */,
				048FF8052B1495940085142E /* ClockCollectionViewCell.xib in Resources */,
				04C4E4F92B15E4E3002952DB /* HyperLinkTableViewCell.xib in Resources */,
				048FF8012B1492800085142E /* AgendaTableViewCell.xib in Resources */,
			);
			runOnlyForDeploymentPostprocessing = 0;
		};
/* End PBXResourcesBuildPhase section */

/* Begin PBXSourcesBuildPhase section */
		048FF7E22B147C470085142E /* Sources */ = {
			isa = PBXSourcesBuildPhase;
			buildActionMask = 2147483647;
			files = (
				048FF7EE2B147C470085142E /* ViewController.swift in Sources */,
				048FF80D2B14B3920085142E /* MutualConnectionImagesCollectionViewCell.swift in Sources */,
				048FF8042B1495940085142E /* ClockCollectionViewCell.swift in Sources */,
				04A7B3DE2B15BD5E006DD763 /* LocationTableViewCell.swift in Sources */,
				04C4E4FC2B15EC44002952DB /* DescriptionTableViewCell.swift in Sources */,
				048FF8142B14C98A0085142E /* DetailsViewController.swift in Sources */,
				048FF7EA2B147C470085142E /* AppDelegate.swift in Sources */,
				048FF7EC2B147C470085142E /* SceneDelegate.swift in Sources */,
				04A7B3E22B15C98C006DD763 /* SpeakersTableViewCell.swift in Sources */,
				048FF8002B1492800085142E /* AgendaTableViewCell.swift in Sources */,
				04C4E4F82B15E4E3002952DB /* HyperLinkTableViewCell.swift in Sources */,
				048FF80A2B149B290085142E /* authModels.swift in Sources */,
			);
			runOnlyForDeploymentPostprocessing = 0;
		};
/* End PBXSourcesBuildPhase section */

/* Begin PBXVariantGroup section */
		048FF7EF2B147C470085142E /* Main.storyboard */ = {
			isa = PBXVariantGroup;
			children = (
				048FF7F02B147C470085142E /* Base */,
			);
			name = Main.storyboard;
			sourceTree = "<group>";
		};
		048FF7F42B147C4B0085142E /* LaunchScreen.storyboard */ = {
			isa = PBXVariantGroup;
			children = (
				048FF7F52B147C4B0085142E /* Base */,
			);
			name = LaunchScreen.storyboard;
			sourceTree = "<group>";
		};
/* End PBXVariantGroup section */

/* Begin XCBuildConfiguration section */
		048FF7F82B147C4B0085142E /* Debug */ = {
			isa = XCBuildConfiguration;
			buildSettings = {
				ALWAYS_SEARCH_USER_PATHS = NO;
				CLANG_ANALYZER_NONNULL = YES;
				CLANG_ANALYZER_NUMBER_OBJECT_CONVERSION = YES_AGGRESSIVE;
				CLANG_CXX_LANGUAGE_STANDARD = "gnu++20";
				CLANG_ENABLE_MODULES = YES;
				CLANG_ENABLE_OBJC_ARC = YES;
				CLANG_ENABLE_OBJC_WEAK = YES;
				CLANG_WARN_BLOCK_CAPTURE_AUTORELEASING = YES;
				CLANG_WARN_BOOL_CONVERSION = YES;
				CLANG_WARN_COMMA = YES;
				CLANG_WARN_CONSTANT_CONVERSION = YES;
				CLANG_WARN_DEPRECATED_OBJC_IMPLEMENTATIONS = YES;
				CLANG_WARN_DIRECT_OBJC_ISA_USAGE = YES_ERROR;
				CLANG_WARN_DOCUMENTATION_COMMENTS = YES;
				CLANG_WARN_EMPTY_BODY = YES;
				CLANG_WARN_ENUM_CONVERSION = YES;
				CLANG_WARN_INFINITE_RECURSION = YES;
				CLANG_WARN_INT_CONVERSION = YES;
				CLANG_WARN_NON_LITERAL_NULL_CONVERSION = YES;
				CLANG_WARN_OBJC_IMPLICIT_RETAIN_SELF = YES;
				CLANG_WARN_OBJC_LITERAL_CONVERSION = YES;
				CLANG_WARN_OBJC_ROOT_CLASS = YES_ERROR;
				CLANG_WARN_QUOTED_INCLUDE_IN_FRAMEWORK_HEADER = YES;
				CLANG_WARN_RANGE_LOOP_ANALYSIS = YES;
				CLANG_WARN_STRICT_PROTOTYPES = YES;
				CLANG_WARN_SUSPICIOUS_MOVE = YES;
				CLANG_WARN_UNGUARDED_AVAILABILITY = YES_AGGRESSIVE;
				CLANG_WARN_UNREACHABLE_CODE = YES;
				CLANG_WARN__DUPLICATE_METHOD_MATCH = YES;
				COPY_PHASE_STRIP = NO;
				DEBUG_INFORMATION_FORMAT = dwarf;
				ENABLE_STRICT_OBJC_MSGSEND = YES;
				ENABLE_TESTABILITY = YES;
				GCC_C_LANGUAGE_STANDARD = gnu11;
				GCC_DYNAMIC_NO_PIC = NO;
				GCC_NO_COMMON_BLOCKS = YES;
				GCC_OPTIMIZATION_LEVEL = 0;
				GCC_PREPROCESSOR_DEFINITIONS = (
					"DEBUG=1",
					"$(inherited)",
				);
				GCC_WARN_64_TO_32_BIT_CONVERSION = YES;
				GCC_WARN_ABOUT_RETURN_TYPE = YES_ERROR;
				GCC_WARN_UNDECLARED_SELECTOR = YES;
				GCC_WARN_UNINITIALIZED_AUTOS = YES_AGGRESSIVE;
				GCC_WARN_UNUSED_FUNCTION = YES;
				GCC_WARN_UNUSED_VARIABLE = YES;
				IPHONEOS_DEPLOYMENT_TARGET = 16.1;
				MTL_ENABLE_DEBUG_INFO = INCLUDE_SOURCE;
				MTL_FAST_MATH = YES;
				ONLY_ACTIVE_ARCH = YES;
				SDKROOT = iphoneos;
				SWIFT_ACTIVE_COMPILATION_CONDITIONS = DEBUG;
				SWIFT_OPTIMIZATION_LEVEL = "-Onone";
			};
			name = Debug;
		};
		048FF7F92B147C4B0085142E /* Release */ = {
			isa = XCBuildConfiguration;
			buildSettings = {
				ALWAYS_SEARCH_USER_PATHS = NO;
				CLANG_ANALYZER_NONNULL = YES;
				CLANG_ANALYZER_NUMBER_OBJECT_CONVERSION = YES_AGGRESSIVE;
				CLANG_CXX_LANGUAGE_STANDARD = "gnu++20";
				CLANG_ENABLE_MODULES = YES;
				CLANG_ENABLE_OBJC_ARC = YES;
				CLANG_ENABLE_OBJC_WEAK = YES;
				CLANG_WARN_BLOCK_CAPTURE_AUTORELEASING = YES;
				CLANG_WARN_BOOL_CONVERSION = YES;
				CLANG_WARN_COMMA = YES;
				CLANG_WARN_CONSTANT_CONVERSION = YES;
				CLANG_WARN_DEPRECATED_OBJC_IMPLEMENTATIONS = YES;
				CLANG_WARN_DIRECT_OBJC_ISA_USAGE = YES_ERROR;
				CLANG_WARN_DOCUMENTATION_COMMENTS = YES;
				CLANG_WARN_EMPTY_BODY = YES;
				CLANG_WARN_ENUM_CONVERSION = YES;
				CLANG_WARN_INFINITE_RECURSION = YES;
				CLANG_WARN_INT_CONVERSION = YES;
				CLANG_WARN_NON_LITERAL_NULL_CONVERSION = YES;
				CLANG_WARN_OBJC_IMPLICIT_RETAIN_SELF = YES;
				CLANG_WARN_OBJC_LITERAL_CONVERSION = YES;
				CLANG_WARN_OBJC_ROOT_CLASS = YES_ERROR;
				CLANG_WARN_QUOTED_INCLUDE_IN_FRAMEWORK_HEADER = YES;
				CLANG_WARN_RANGE_LOOP_ANALYSIS = YES;
				CLANG_WARN_STRICT_PROTOTYPES = YES;
				CLANG_WARN_SUSPICIOUS_MOVE = YES;
				CLANG_WARN_UNGUARDED_AVAILABILITY = YES_AGGRESSIVE;
				CLANG_WARN_UNREACHABLE_CODE = YES;
				CLANG_WARN__DUPLICATE_METHOD_MATCH = YES;
				COPY_PHASE_STRIP = NO;
				DEBUG_INFORMATION_FORMAT = "dwarf-with-dsym";
				ENABLE_NS_ASSERTIONS = NO;
				ENABLE_STRICT_OBJC_MSGSEND = YES;
				GCC_C_LANGUAGE_STANDARD = gnu11;
				GCC_NO_COMMON_BLOCKS = YES;
				GCC_WARN_64_TO_32_BIT_CONVERSION = YES;
				GCC_WARN_ABOUT_RETURN_TYPE = YES_ERROR;
				GCC_WARN_UNDECLARED_SELECTOR = YES;
				GCC_WARN_UNINITIALIZED_AUTOS = YES_AGGRESSIVE;
				GCC_WARN_UNUSED_FUNCTION = YES;
				GCC_WARN_UNUSED_VARIABLE = YES;
				IPHONEOS_DEPLOYMENT_TARGET = 16.1;
				MTL_ENABLE_DEBUG_INFO = NO;
				MTL_FAST_MATH = YES;
				SDKROOT = iphoneos;
				SWIFT_COMPILATION_MODE = wholemodule;
				SWIFT_OPTIMIZATION_LEVEL = "-O";
				VALIDATE_PRODUCT = YES;
			};
			name = Release;
		};
		048FF7FB2B147C4B0085142E /* Debug */ = {
			isa = XCBuildConfiguration;
			buildSettings = {
				ASSETCATALOG_COMPILER_APPICON_NAME = AppIcon;
				ASSETCATALOG_COMPILER_GLOBAL_ACCENT_COLOR_NAME = AccentColor;
				CODE_SIGN_STYLE = Automatic;
				CURRENT_PROJECT_VERSION = 1;
				GENERATE_INFOPLIST_FILE = YES;
				INFOPLIST_FILE = ettemeneTask/Info.plist;
				INFOPLIST_KEY_UIApplicationSupportsIndirectInputEvents = YES;
				INFOPLIST_KEY_UILaunchStoryboardName = LaunchScreen;
				INFOPLIST_KEY_UIMainStoryboardFile = Main;
				INFOPLIST_KEY_UISupportedInterfaceOrientations_iPad = "UIInterfaceOrientationPortrait UIInterfaceOrientationPortraitUpsideDown UIInterfaceOrientationLandscapeLeft UIInterfaceOrientationLandscapeRight";
				INFOPLIST_KEY_UISupportedInterfaceOrientations_iPhone = "UIInterfaceOrientationPortrait UIInterfaceOrientationLandscapeLeft UIInterfaceOrientationLandscapeRight";
				LD_RUNPATH_SEARCH_PATHS = (
					"$(inherited)",
					"@executable_path/Frameworks",
				);
				MARKETING_VERSION = 1.0;
				PRODUCT_BUNDLE_IDENTIFIER = company.com.ertt.ettemeneTask;
				PRODUCT_NAME = "$(TARGET_NAME)";
				SWIFT_EMIT_LOC_STRINGS = YES;
				SWIFT_VERSION = 5.0;
				TARGETED_DEVICE_FAMILY = "1,2";
			};
			name = Debug;
		};
		048FF7FC2B147C4B0085142E /* Release */ = {
			isa = XCBuildConfiguration;
			buildSettings = {
				ASSETCATALOG_COMPILER_APPICON_NAME = AppIcon;
				ASSETCATALOG_COMPILER_GLOBAL_ACCENT_COLOR_NAME = AccentColor;
				CODE_SIGN_STYLE = Automatic;
				CURRENT_PROJECT_VERSION = 1;
				GENERATE_INFOPLIST_FILE = YES;
				INFOPLIST_FILE = ettemeneTask/Info.plist;
				INFOPLIST_KEY_UIApplicationSupportsIndirectInputEvents = YES;
				INFOPLIST_KEY_UILaunchStoryboardName = LaunchScreen;
				INFOPLIST_KEY_UIMainStoryboardFile = Main;
				INFOPLIST_KEY_UISupportedInterfaceOrientations_iPad = "UIInterfaceOrientationPortrait UIInterfaceOrientationPortraitUpsideDown UIInterfaceOrientationLandscapeLeft UIInterfaceOrientationLandscapeRight";
				INFOPLIST_KEY_UISupportedInterfaceOrientations_iPhone = "UIInterfaceOrientationPortrait UIInterfaceOrientationLandscapeLeft UIInterfaceOrientationLandscapeRight";
				LD_RUNPATH_SEARCH_PATHS = (
					"$(inherited)",
					"@executable_path/Frameworks",
				);
				MARKETING_VERSION = 1.0;
				PRODUCT_BUNDLE_IDENTIFIER = company.com.ertt.ettemeneTask;
				PRODUCT_NAME = "$(TARGET_NAME)";
				SWIFT_EMIT_LOC_STRINGS = YES;
				SWIFT_VERSION = 5.0;
				TARGETED_DEVICE_FAMILY = "1,2";
			};
			name = Release;
		};
/* End XCBuildConfiguration section */

/* Begin XCConfigurationList section */
		048FF7E12B147C470085142E /* Build configuration list for PBXProject "ettemeneTask" */ = {
			isa = XCConfigurationList;
			buildConfigurations = (
				048FF7F82B147C4B0085142E /* Debug */,
				048FF7F92B147C4B0085142E /* Release */,
			);
			defaultConfigurationIsVisible = 0;
			defaultConfigurationName = Release;
		};
		048FF7FA2B147C4B0085142E /* Build configuration list for PBXNativeTarget "ettemeneTask" */ = {
			isa = XCConfigurationList;
			buildConfigurations = (
				048FF7FB2B147C4B0085142E /* Debug */,
				048FF7FC2B147C4B0085142E /* Release */,
			);
			defaultConfigurationIsVisible = 0;
			defaultConfigurationName = Release;
		};
/* End XCConfigurationList section */

/* Begin XCRemoteSwiftPackageReference section */
		048FF80F2B14B4110085142E /* XCRemoteSwiftPackageReference "SDWebImage" */ = {
			isa = XCRemoteSwiftPackageReference;
			repositoryURL = "https://github.com/SDWebImage/SDWebImage.git";
			requirement = {
				kind = upToNextMajorVersion;
				minimumVersion = 5.0.0;
			};
		};
/* End XCRemoteSwiftPackageReference section */

/* Begin XCSwiftPackageProductDependency section */
		048FF8102B14B4110085142E /* SDWebImage */ = {
			isa = XCSwiftPackageProductDependency;
			package = 048FF80F2B14B4110085142E /* XCRemoteSwiftPackageReference "SDWebImage" */;
			productName = SDWebImage;
		};
/* End XCSwiftPackageProductDependency section */
	};
	rootObject = 048FF7DE2B147C470085142E /* Project object */;
}
